
Microsoft Visual Studio Solution File, Format Version 12.00
# Visual Studio Version 16
VisualStudioVersion = 16.0.29001.49
MinimumVisualStudioVersion = 10.0.40219.1
Project("{9A19103F-16F7-4668-BE54-9A1E7A4F7556}") = "Xacor", "Xacor\Xacor.csproj", "{47D192A0-3471-4B18-9013-BDF6623A91DD}"
EndProject
Project("{9A19103F-16F7-4668-BE54-9A1E7A4F7556}") = "Xacor.Graphics.Api", "Xacor.Graphics.Api\Xacor.Graphics.Api.csproj", "{21F0CFF5-2E7A-4C0C-90D0-93780262E383}"
EndProject
Project("{9A19103F-16F7-4668-BE54-9A1E7A4F7556}") = "Xacor.Platform", "Xacor.Platform\Xacor.Platform.csproj", "{DC5A1B7E-7777-4C88-92D0-C78A54D7A6B6}"
EndProject
Project("{2150E333-8FDC-42A3-9474-1A3956D46DE8}") = "Demos", "Demos", "{F1B67548-9B70-41A4-93A2-44A455D3985D}"
EndProject
Project("{9A19103F-16F7-4668-BE54-9A1E7A4F7556}") = "Xacor.Demo", "Demos\Xacor.Demo\Xacor.Demo.csproj", "{9FC54FDE-D41E-425A-A979-DE224618F9D0}"
EndProject
Project("{9A19103F-16F7-4668-BE54-9A1E7A4F7556}") = "Xacor.Game", "Xacor.Game\Xacor.Game.csproj", "{B7869CCC-5311-4EDA-A99F-9CDEA3EFF1FB}"
EndProject
Project("{9A19103F-16F7-4668-BE54-9A1E7A4F7556}") = "Xacor.Graphics.Api.GL33", "Xacor.Graphics.Api.GL33\Xacor.Graphics.Api.GL33.csproj", "{708CB9B3-A891-4379-81D1-CDEDB91D712C}"
EndProject
Project("{9A19103F-16F7-4668-BE54-9A1E7A4F7556}") = "Xacor.Graphics.Api.GL46", "Xacor.Graphics.Api.GL46\Xacor.Graphics.Api.GL46.csproj", "{8C089161-7920-406E-8ADD-4C9D8232B457}"
EndProject
Project("{9A19103F-16F7-4668-BE54-9A1E7A4F7556}") = "Xacor.Graphics.Api.VK", "Xacor.Graphics.Api.VK\Xacor.Graphics.Api.VK.csproj", "{A7553A2E-768C-4CF1-9A44-415CBAFE32CB}"
EndProject
Project("{2150E333-8FDC-42A3-9474-1A3956D46DE8}") = "Assets", "Assets", "{65478F32-7D52-42F0-B6F9-873BB208B3B0}"
EndProject
Project("{2150E333-8FDC-42A3-9474-1A3956D46DE8}") = "Shaders", "Shaders", "{4D894059-F529-4EFA-A6FE-9895F003CADF}"
	ProjectSection(SolutionItems) = preProject
		Assets\Shaders\_Simple.ps.glsl = Assets\Shaders\_Simple.ps.glsl
		Assets\Shaders\_Simple.ps.hlsl = Assets\Shaders\_Simple.ps.hlsl
		Assets\Shaders\_Simple.vs.glsl = Assets\Shaders\_Simple.vs.glsl
		Assets\Shaders\_Simple.vs.hlsl = Assets\Shaders\_Simple.vs.hlsl
		Assets\Shaders\_SimpleTextured.ps.glsl = Assets\Shaders\_SimpleTextured.ps.glsl
		Assets\Shaders\_SimpleTextured.ps.hlsl = Assets\Shaders\_SimpleTextured.ps.hlsl
		Assets\Shaders\_SimpleTextured.vs.glsl = Assets\Shaders\_SimpleTextured.vs.glsl
		Assets\Shaders\_SimpleTextured.vs.hlsl = Assets\Shaders\_SimpleTextured.vs.hlsl
		Assets\Shaders\Common.Buffer.hlsl = Assets\Shaders\Common.Buffer.hlsl
		Assets\Shaders\Common.hlsl = Assets\Shaders\Common.hlsl
		Assets\Shaders\Common.ps.hlsl = Assets\Shaders\Common.ps.hlsl
		Assets\Shaders\Common.vs.hlsl = Assets\Shaders\Common.vs.hlsl
		Assets\Shaders\Depth.vs.hlsl = Assets\Shaders\Depth.vs.hlsl
		Assets\Shaders\GBuffer.ps.hlsl = Assets\Shaders\GBuffer.ps.hlsl
		Assets\Shaders\GBuffer.vs.hlsl = Assets\Shaders\GBuffer.vs.hlsl
		Assets\Shaders\Include.Blur.hlsl = Assets\Shaders\Include.Blur.hlsl
		Assets\Shaders\Include.BRDF.hlsl = Assets\Shaders\Include.BRDF.hlsl
		Assets\Shaders\Include.ChromaticAberration.hlsl = Assets\Shaders\Include.ChromaticAberration.hlsl
		Assets\Shaders\Include.Dithering.hlsl = Assets\Shaders\Include.Dithering.hlsl
		Assets\Shaders\Include.FXAA.hlsl = Assets\Shaders\Include.FXAA.hlsl
		Assets\Shaders\Include.IBL.hlsl = Assets\Shaders\Include.IBL.hlsl
		Assets\Shaders\Include.MotionBlur.hlsl = Assets\Shaders\Include.MotionBlur.hlsl
		Assets\Shaders\Include.ParallaxMapping.hlsl = Assets\Shaders\Include.ParallaxMapping.hlsl
		Assets\Shaders\Include.ResolveTAA.hlsl = Assets\Shaders\Include.ResolveTAA.hlsl
		Assets\Shaders\Include.Scaling.hlsl = Assets\Shaders\Include.Scaling.hlsl
		Assets\Shaders\Include.Sharpening.hlsl = Assets\Shaders\Include.Sharpening.hlsl
		Assets\Shaders\Include.SSR.hlsl = Assets\Shaders\Include.SSR.hlsl
		Assets\Shaders\Include.ToneMapping.hlsl = Assets\Shaders\Include.ToneMapping.hlsl
		Assets\Shaders\Include.Velocity.hlsl = Assets\Shaders\Include.Velocity.hlsl
		Assets\Shaders\Light.ps.hlsl = Assets\Shaders\Light.ps.hlsl
		Assets\Shaders\Quad.ps.hlsl = Assets\Shaders\Quad.ps.hlsl
		Assets\Shaders\Quad.vs.hlsl = Assets\Shaders\Quad.vs.hlsl
		Assets\Shaders\ShadowMapping.ps.hlsl = Assets\Shaders\ShadowMapping.ps.hlsl
		Assets\Shaders\ShadowMapping.vs.hlsl = Assets\Shaders\ShadowMapping.vs.hlsl
	EndProjectSection
EndProject
Project("{2150E333-8FDC-42A3-9474-1A3956D46DE8}") = "Textures", "Textures", "{D0F6C1E3-BFEF-4074-AA21-9F4FBA198EC2}"
	ProjectSection(SolutionItems) = preProject
		Assets\Textures\T_Default_D0.png = Assets\Textures\T_Default_D0.png
		Assets\Textures\T_Default_D1.png = Assets\Textures\T_Default_D1.png
		Assets\Textures\TC_SkyRed_Xn.png = Assets\Textures\TC_SkyRed_Xn.png
		Assets\Textures\TC_SkyRed_Xp.png = Assets\Textures\TC_SkyRed_Xp.png
		Assets\Textures\TC_SkyRed_Yn.png = Assets\Textures\TC_SkyRed_Yn.png
		Assets\Textures\TC_SkyRed_Yp.png = Assets\Textures\TC_SkyRed_Yp.png
		Assets\Textures\TC_SkyRed_Zn.png = Assets\Textures\TC_SkyRed_Zn.png
		Assets\Textures\TC_SkyRed_Zp.png = Assets\Textures\TC_SkyRed_Zp.png
	EndProjectSection
EndProject
Project("{2150E333-8FDC-42A3-9474-1A3956D46DE8}") = "Solution Items", "Solution Items", "{3A595499-8AEF-4F5E-AB84-CF1F69AD7DE3}"
	ProjectSection(SolutionItems) = preProject
		LICENSE = LICENSE
		README.md = README.md
		.github\workflows\build-macos.yml = .github\workflows\build-macos.yml
		.github\workflows\build-ubuntu.yml = .github\workflows\build-ubuntu.yml
		.github\workflows\build-windows.yml = .github\workflows\build-windows.yml
		stylecop.json = stylecop.json
		stylecop.ruleset = stylecop.ruleset
		SDL-CS.Settings.props = SDL-CS.Settings.props
	EndProjectSection
EndProject
Project("{9A19103F-16F7-4668-BE54-9A1E7A4F7556}") = "Xacor.Input", "Xacor.Input\Xacor.Input.csproj", "{A8B1D4D7-2C28-4133-A704-E2A6C87C8E2D}"
EndProject
Project("{9A19103F-16F7-4668-BE54-9A1E7A4F7556}") = "Xacor.Input.RawInput", "Xacor.Input.RawInput\Xacor.Input.RawInput.csproj", "{7C1448A8-44ED-4D3E-BABB-26853ADF569D}"
EndProject
Project("{D954291E-2A0B-460D-934E-DC6B0785DB48}") = "Xacor.Graphics.Api.GL", "Xacor.Graphics.Api.GL\Xacor.Graphics.Api.GL.shproj", "{FB60AADE-1EF7-4D5F-A433-FB950C2E2B55}"
EndProject
Project("{9A19103F-16F7-4668-BE54-9A1E7A4F7556}") = "Xacor.Graphics", "Xacor.Graphics\Xacor.Graphics.csproj", "{22FE13B4-DF11-426E-95EE-7138B7EA553F}"
EndProject
Project("{9A19103F-16F7-4668-BE54-9A1E7A4F7556}") = "Xacor.Input.DirectInput", "Xacor.Input.DirectInput\Xacor.Input.DirectInput.csproj", "{063DC75F-8473-4CDE-861C-0068E87C37A7}"
EndProject
Project("{9A19103F-16F7-4668-BE54-9A1E7A4F7556}") = "Xacor.Mathematics", "Xacor.Mathematics\Xacor.Mathematics.csproj", "{D24EE7C5-B486-4D19-B262-8E52DFE6ACBA}"
EndProject
Project("{D954291E-2A0B-460D-934E-DC6B0785DB48}") = "Xacor.Graphics.Api.D3D", "Xacor.Graphics.Api.D3D\Xacor.Graphics.Api.D3D.shproj", "{7B7225E0-F6F2-4D96-B304-EECDC4152A26}"
EndProject
Project("{9A19103F-16F7-4668-BE54-9A1E7A4F7556}") = "Xacor.Graphics.Api.D3D11", "Xacor.Graphics.Api.D3D11\Xacor.Graphics.Api.D3D11.csproj", "{D12A4F44-6A77-4EF7-A591-3B61331A1D61}"
EndProject
Project("{9A19103F-16F7-4668-BE54-9A1E7A4F7556}") = "Xacor.Graphics.Api.D3D12", "Xacor.Graphics.Api.D3D12\Xacor.Graphics.Api.D3D12.csproj", "{BBD18DCE-5519-472D-B9FD-99E9A63F4078}"
EndProject
Project("{2150E333-8FDC-42A3-9474-1A3956D46DE8}") = "External", "External", "{9A247AD2-2D4D-4C88-B43C-05FB34D16421}"
EndProject
Project("{FAE04EC0-301F-11D3-BF4B-00C04F79EFBC}") = "SDL2-CS.Core", "External\SDL2\SDL2-CS.Core.csproj", "{FF7C89A7-5AC6-4E68-BD74-3151CD267119}"
EndProject
Project("{FAE04EC0-301F-11D3-BF4B-00C04F79EFBC}") = "Xacor.Platform.Sdl2", "Xacor.Platform.Sdl2\Xacor.Platform.Sdl2.csproj", "{F6513EC6-01FB-44AC-94A6-42A306069CBB}"
EndProject
Global
	GlobalSection(SharedMSBuildProjectFiles) = preSolution
		Xacor.Graphics.Api.D3D\Xacor.Graphics.Api.D3D.projitems*{7b7225e0-f6f2-4d96-b304-eecdc4152a26}*SharedItemsImports = 13
		Xacor.Graphics.Api.GL\Xacor.Graphics.Api.GL.projitems*{fb60aade-1ef7-4d5f-a433-fb950c2e2b55}*SharedItemsImports = 13
	EndGlobalSection
	GlobalSection(SolutionConfigurationPlatforms) = preSolution
		Debug|Any CPU = Debug|Any CPU
		Release|Any CPU = Release|Any CPU
	EndGlobalSection
	GlobalSection(ProjectConfigurationPlatforms) = postSolution
		{47D192A0-3471-4B18-9013-BDF6623A91DD}.Debug|Any CPU.ActiveCfg = Debug|Any CPU
		{47D192A0-3471-4B18-9013-BDF6623A91DD}.Debug|Any CPU.Build.0 = Debug|Any CPU
		{47D192A0-3471-4B18-9013-BDF6623A91DD}.Release|Any CPU.ActiveCfg = Release|Any CPU
		{47D192A0-3471-4B18-9013-BDF6623A91DD}.Release|Any CPU.Build.0 = Release|Any CPU
		{21F0CFF5-2E7A-4C0C-90D0-93780262E383}.Debug|Any CPU.ActiveCfg = Debug|Any CPU
		{21F0CFF5-2E7A-4C0C-90D0-93780262E383}.Debug|Any CPU.Build.0 = Debug|Any CPU
		{21F0CFF5-2E7A-4C0C-90D0-93780262E383}.Release|Any CPU.ActiveCfg = Release|Any CPU
		{21F0CFF5-2E7A-4C0C-90D0-93780262E383}.Release|Any CPU.Build.0 = Release|Any CPU
		{DC5A1B7E-7777-4C88-92D0-C78A54D7A6B6}.Debug|Any CPU.ActiveCfg = Debug|Any CPU
		{DC5A1B7E-7777-4C88-92D0-C78A54D7A6B6}.Debug|Any CPU.Build.0 = Debug|Any CPU
		{DC5A1B7E-7777-4C88-92D0-C78A54D7A6B6}.Release|Any CPU.ActiveCfg = Release|Any CPU
		{DC5A1B7E-7777-4C88-92D0-C78A54D7A6B6}.Release|Any CPU.Build.0 = Release|Any CPU
		{9FC54FDE-D41E-425A-A979-DE224618F9D0}.Debug|Any CPU.ActiveCfg = Debug|Any CPU
		{9FC54FDE-D41E-425A-A979-DE224618F9D0}.Debug|Any CPU.Build.0 = Debug|Any CPU
		{9FC54FDE-D41E-425A-A979-DE224618F9D0}.Release|Any CPU.ActiveCfg = Release|Any CPU
		{9FC54FDE-D41E-425A-A979-DE224618F9D0}.Release|Any CPU.Build.0 = Release|Any CPU
		{B7869CCC-5311-4EDA-A99F-9CDEA3EFF1FB}.Debug|Any CPU.ActiveCfg = Debug|Any CPU
		{B7869CCC-5311-4EDA-A99F-9CDEA3EFF1FB}.Debug|Any CPU.Build.0 = Debug|Any CPU
		{B7869CCC-5311-4EDA-A99F-9CDEA3EFF1FB}.Release|Any CPU.ActiveCfg = Release|Any CPU
		{B7869CCC-5311-4EDA-A99F-9CDEA3EFF1FB}.Release|Any CPU.Build.0 = Release|Any CPU
		{708CB9B3-A891-4379-81D1-CDEDB91D712C}.Debug|Any CPU.ActiveCfg = Debug|Any CPU
		{708CB9B3-A891-4379-81D1-CDEDB91D712C}.Debug|Any CPU.Build.0 = Debug|Any CPU
		{708CB9B3-A891-4379-81D1-CDEDB91D712C}.Release|Any CPU.ActiveCfg = Release|Any CPU
		{708CB9B3-A891-4379-81D1-CDEDB91D712C}.Release|Any CPU.Build.0 = Release|Any CPU
		{8C089161-7920-406E-8ADD-4C9D8232B457}.Debug|Any CPU.ActiveCfg = Debug|Any CPU
		{8C089161-7920-406E-8ADD-4C9D8232B457}.Debug|Any CPU.Build.0 = Debug|Any CPU
		{8C089161-7920-406E-8ADD-4C9D8232B457}.Release|Any CPU.ActiveCfg = Release|Any CPU
		{8C089161-7920-406E-8ADD-4C9D8232B457}.Release|Any CPU.Build.0 = Release|Any CPU
		{A7553A2E-768C-4CF1-9A44-415CBAFE32CB}.Debug|Any CPU.ActiveCfg = Debug|Any CPU
		{A7553A2E-768C-4CF1-9A44-415CBAFE32CB}.Debug|Any CPU.Build.0 = Debug|Any CPU
		{A7553A2E-768C-4CF1-9A44-415CBAFE32CB}.Release|Any CPU.ActiveCfg = Release|Any CPU
		{A7553A2E-768C-4CF1-9A44-415CBAFE32CB}.Release|Any CPU.Build.0 = Release|Any CPU
		{A8B1D4D7-2C28-4133-A704-E2A6C87C8E2D}.Debug|Any CPU.ActiveCfg = Debug|Any CPU
		{A8B1D4D7-2C28-4133-A704-E2A6C87C8E2D}.Debug|Any CPU.Build.0 = Debug|Any CPU
		{A8B1D4D7-2C28-4133-A704-E2A6C87C8E2D}.Release|Any CPU.ActiveCfg = Release|Any CPU
		{A8B1D4D7-2C28-4133-A704-E2A6C87C8E2D}.Release|Any CPU.Build.0 = Release|Any CPU
		{7C1448A8-44ED-4D3E-BABB-26853ADF569D}.Debug|Any CPU.ActiveCfg = Debug|Any CPU
		{7C1448A8-44ED-4D3E-BABB-26853ADF569D}.Debug|Any CPU.Build.0 = Debug|Any CPU
		{7C1448A8-44ED-4D3E-BABB-26853ADF569D}.Release|Any CPU.ActiveCfg = Release|Any CPU
		{7C1448A8-44ED-4D3E-BABB-26853ADF569D}.Release|Any CPU.Build.0 = Release|Any CPU
		{22FE13B4-DF11-426E-95EE-7138B7EA553F}.Debug|Any CPU.ActiveCfg = Debug|Any CPU
		{22FE13B4-DF11-426E-95EE-7138B7EA553F}.Debug|Any CPU.Build.0 = Debug|Any CPU
		{22FE13B4-DF11-426E-95EE-7138B7EA553F}.Release|Any CPU.ActiveCfg = Release|Any CPU
		{22FE13B4-DF11-426E-95EE-7138B7EA553F}.Release|Any CPU.Build.0 = Release|Any CPU
		{063DC75F-8473-4CDE-861C-0068E87C37A7}.Debug|Any CPU.ActiveCfg = Debug|Any CPU
		{063DC75F-8473-4CDE-861C-0068E87C37A7}.Debug|Any CPU.Build.0 = Debug|Any CPU
		{063DC75F-8473-4CDE-861C-0068E87C37A7}.Release|Any CPU.ActiveCfg = Release|Any CPU
		{063DC75F-8473-4CDE-861C-0068E87C37A7}.Release|Any CPU.Build.0 = Release|Any CPU
		{D24EE7C5-B486-4D19-B262-8E52DFE6ACBA}.Debug|Any CPU.ActiveCfg = Debug|Any CPU
		{D24EE7C5-B486-4D19-B262-8E52DFE6ACBA}.Debug|Any CPU.Build.0 = Debug|Any CPU
		{D24EE7C5-B486-4D19-B262-8E52DFE6ACBA}.Release|Any CPU.ActiveCfg = Release|Any CPU
		{D24EE7C5-B486-4D19-B262-8E52DFE6ACBA}.Release|Any CPU.Build.0 = Release|Any CPU
		{D12A4F44-6A77-4EF7-A591-3B61331A1D61}.Debug|Any CPU.ActiveCfg = Debug|Any CPU
		{D12A4F44-6A77-4EF7-A591-3B61331A1D61}.Debug|Any CPU.Build.0 = Debug|Any CPU
		{D12A4F44-6A77-4EF7-A591-3B61331A1D61}.Release|Any CPU.ActiveCfg = Release|Any CPU
		{D12A4F44-6A77-4EF7-A591-3B61331A1D61}.Release|Any CPU.Build.0 = Release|Any CPU
		{BBD18DCE-5519-472D-B9FD-99E9A63F4078}.Debug|Any CPU.ActiveCfg = Debug|Any CPU
		{BBD18DCE-5519-472D-B9FD-99E9A63F4078}.Debug|Any CPU.Build.0 = Debug|Any CPU
		{BBD18DCE-5519-472D-B9FD-99E9A63F4078}.Release|Any CPU.ActiveCfg = Release|Any CPU
		{BBD18DCE-5519-472D-B9FD-99E9A63F4078}.Release|Any CPU.Build.0 = Release|Any CPU
		{FF7C89A7-5AC6-4E68-BD74-3151CD267119}.Debug|Any CPU.ActiveCfg = Debug|x64
		{FF7C89A7-5AC6-4E68-BD74-3151CD267119}.Debug|Any CPU.Build.0 = Debug|x64
		{FF7C89A7-5AC6-4E68-BD74-3151CD267119}.Release|Any CPU.ActiveCfg = Release|x64
		{FF7C89A7-5AC6-4E68-BD74-3151CD267119}.Release|Any CPU.Build.0 = Release|x64
		{F6513EC6-01FB-44AC-94A6-42A306069CBB}.Debug|Any CPU.ActiveCfg = Debug|Any CPU
		{F6513EC6-01FB-44AC-94A6-42A306069CBB}.Debug|Any CPU.Build.0 = Debug|Any CPU
		{F6513EC6-01FB-44AC-94A6-42A306069CBB}.Release|Any CPU.ActiveCfg = Release|Any CPU
		{F6513EC6-01FB-44AC-94A6-42A306069CBB}.Release|Any CPU.Build.0 = Release|Any CPU
	EndGlobalSection
	GlobalSection(SolutionProperties) = preSolution
		HideSolutionNode = FALSE
	EndGlobalSection
	GlobalSection(NestedProjects) = preSolution
		{9FC54FDE-D41E-425A-A979-DE224618F9D0} = {F1B67548-9B70-41A4-93A2-44A455D3985D}
		{4D894059-F529-4EFA-A6FE-9895F003CADF} = {65478F32-7D52-42F0-B6F9-873BB208B3B0}
		{D0F6C1E3-BFEF-4074-AA21-9F4FBA198EC2} = {65478F32-7D52-42F0-B6F9-873BB208B3B0}
		{FF7C89A7-5AC6-4E68-BD74-3151CD267119} = {9A247AD2-2D4D-4C88-B43C-05FB34D16421}
	EndGlobalSection
	GlobalSection(ExtensibilityGlobals) = postSolution
		SolutionGuid = {A256E438-E549-4752-9224-DD36E14FCFCA}
	EndGlobalSection
EndGlobal
